<?xml version="1.0" encoding="utf-8"?>
<Project ToolsVersion="12.0" xmlns="http://schemas.microsoft.com/developer/msbuild/2003">
  <ItemGroup>
    <ClCompile Include="..\..\GCC\Density.cpp">
      <Filter>Source Files</Filter>
    </ClCompile>
    <ClCompile Include="..\..\GCC\DiffAL.cpp">
      <Filter>Source Files</Filter>
    </ClCompile>
    <ClCompile Include="..\..\GCC\DiffOH.cpp">
      <Filter>Source Files</Filter>
    </ClCompile>
    <ClCompile Include="..\..\GCC\eqbrm.cpp">
      <Filter>Source Files</Filter>
    </ClCompile>
    <ClCompile Include="..\..\GCC\export.cpp">
      <Filter>Source Files</Filter>
    </ClCompile>
    <ClCompile Include="..\..\GCC\Fluid.cpp">
      <Filter>Source Files</Filter>
    </ClCompile>
    <ClCompile Include="..\..\GCC\HKF.cpp">
      <Filter>Source Files</Filter>
    </ClCompile>
    <ClCompile Include="..\..\GCC\IAPWS-IF97.cpp">
      <Filter>Source Files</Filter>
    </ClCompile>
    <ClCompile Include="..\..\GCC\IO.cpp">
      <Filter>Source Files</Filter>
    </ClCompile>
    <ClCompile Include="..\..\GCC\logk.cpp">
      <Filter>Source Files</Filter>
    </ClCompile>
    <ClCompile Include="..\..\GCC\NR.cpp">
      <Filter>Source Files</Filter>
    </ClCompile>
    <ClCompile Include="..\..\GCC\PDE.cpp">
      <Filter>Source Files</Filter>
    </ClCompile>
    <ClCompile Include="..\..\GCC\PITZcalc.cpp">
      <Filter>Source Files</Filter>
    </ClCompile>
    <ClCompile Include="..\..\GCC\PITZdata.cpp">
      <Filter>Source Files</Filter>
    </ClCompile>
    <ClCompile Include="..\..\GCC\VLE.cpp">
      <Filter>Source Files</Filter>
    </ClCompile>
  </ItemGroup>
  <ItemGroup>
    <ClInclude Include="..\..\GCC\Density.h">
      <Filter>Header Files</Filter>
    </ClInclude>
    <ClInclude Include="..\..\GCC\DiffAL.h">
      <Filter>Header Files</Filter>
    </ClInclude>
    <ClInclude Include="..\..\GCC\DiffOH.h">
      <Filter>Header Files</Filter>
    </ClInclude>
    <ClInclude Include="..\..\GCC\dllheader.h">
      <Filter>Header Files</Filter>
    </ClInclude>
    <ClInclude Include="..\..\GCC\eqbrm.h">
      <Filter>Header Files</Filter>
    </ClInclude>
    <ClInclude Include="..\..\GCC\export.h">
      <Filter>Header Files</Filter>
    </ClInclude>
    <ClInclude Include="..\..\GCC\Fluid.h">
      <Filter>Header Files</Filter>
    </ClInclude>
    <ClInclude Include="..\..\GCC\HKF.h">
      <Filter>Header Files</Filter>
    </ClInclude>
    <ClInclude Include="..\..\GCC\IAPWS-IF97.h">
      <Filter>Header Files</Filter>
    </ClInclude>
    <ClInclude Include="..\..\GCC\IO.h">
      <Filter>Header Files</Filter>
    </ClInclude>
    <ClInclude Include="..\..\GCC\logk.h">
      <Filter>Header Files</Filter>
    </ClInclude>
    <ClInclude Include="..\..\GCC\NR.h">
      <Filter>Header Files</Filter>
    </ClInclude>
    <ClInclude Include="..\..\GCC\PDE.h">
      <Filter>Header Files</Filter>
    </ClInclude>
    <ClInclude Include="..\..\GCC\PITZcalc.h">
      <Filter>Header Files</Filter>
    </ClInclude>
    <ClInclude Include="..\..\GCC\PITZdata.h">
      <Filter>Header Files</Filter>
    </ClInclude>
    <ClInclude Include="..\..\GCC\slop98.h">
      <Filter>Header Files</Filter>
    </ClInclude>
    <ClInclude Include="..\..\GCC\species.h">
      <Filter>Header Files</Filter>
    </ClInclude>
    <ClInclude Include="..\..\GCC\VLE.h">
      <Filter>Header Files</Filter>
    </ClInclude>
    <ClInclude Include="..\..\GCC\WATEQdata.h">
      <Filter>Header Files</Filter>
    </ClInclude>
  </ItemGroup>
  <ItemGroup>
    <CustomBuild Include="..\..\GCC\CMakeLists.txt" />
  </ItemGroup>
  <ItemGroup>
    <Filter Include="Source Files">
      <UniqueIdentifier>{C16F70CA-4290-4269-B683-13298DDAC5E1}</UniqueIdentifier>
    </Filter>
    <Filter Include="Header Files">
      <UniqueIdentifier>{83FFA6B4-B3E3-4A72-8627-463291F15060}</UniqueIdentifier>
    </Filter>
  </ItemGroup>
</Project>
