<?xml version="1.0" encoding="utf-8"?>
<Project ToolsVersion="12.0" xmlns="http://schemas.microsoft.com/developer/msbuild/2003">
  <ItemGroup>
    <ClCompile Include="..\..\FEM\BoundaryCondition.cpp">
      <Filter>Source Files</Filter>
    </ClCompile>
    <ClCompile Include="..\..\FEM\CAP_IO.cpp">
      <Filter>Source Files</Filter>
    </ClCompile>
    <ClCompile Include="..\..\FEM\conversion_rate.cpp">
      <Filter>Source Files</Filter>
    </ClCompile>
    <ClCompile Include="..\..\FEM\DistributionInfo.cpp">
      <Filter>Source Files</Filter>
    </ClCompile>
    <ClCompile Include="..\..\FEM\DUMUX.cpp">
      <Filter>Source Files</Filter>
    </ClCompile>
    <ClCompile Include="..\..\FEM\Eclipse.cpp">
      <Filter>Source Files</Filter>
    </ClCompile>
    <ClCompile Include="..\..\FEM\eos.cpp">
      <Filter>Source Files</Filter>
    </ClCompile>
    <ClCompile Include="..\..\FEM\fem_ele.cpp">
      <Filter>Source Files</Filter>
    </ClCompile>
    <ClCompile Include="..\..\FEM\fem_ele_std.cpp">
      <Filter>Source Files</Filter>
    </ClCompile>
    <ClCompile Include="..\..\FEM\fem_ele_std1.cpp">
      <Filter>Source Files</Filter>
    </ClCompile>
    <ClCompile Include="..\..\FEM\fem_ele_std_tes.cpp">
      <Filter>Source Files</Filter>
    </ClCompile>
    <ClCompile Include="..\..\FEM\fem_ele_std_tneq.cpp">
      <Filter>Source Files</Filter>
    </ClCompile>
    <ClCompile Include="..\..\FEM\fem_ele_vec.cpp">
      <Filter>Source Files</Filter>
    </ClCompile>
    <ClCompile Include="..\..\FEM\FEMCondition.cpp">
      <Filter>Source Files</Filter>
    </ClCompile>
    <ClCompile Include="..\..\FEM\FEMEnums.cpp">
      <Filter>Source Files</Filter>
    </ClCompile>
    <ClCompile Include="..\..\FEM\femlib.cpp">
      <Filter>Source Files</Filter>
    </ClCompile>
    <ClCompile Include="..\..\FEM\files0.cpp">
      <Filter>Source Files</Filter>
    </ClCompile>
    <ClCompile Include="..\..\FEM\GeoInfo.cpp">
      <Filter>Source Files</Filter>
    </ClCompile>
    <ClCompile Include="..\..\FEM\InitialCondition.cpp">
      <Filter>Source Files</Filter>
    </ClCompile>
    <ClCompile Include="..\..\FEM\LinearFunctionData.cpp">
      <Filter>Source Files</Filter>
    </ClCompile>
    <ClCompile Include="..\..\FEM\mathlib.cpp">
      <Filter>Source Files</Filter>
    </ClCompile>
    <ClCompile Include="..\..\FEM\matrix_class.cpp">
      <Filter>Source Files</Filter>
    </ClCompile>
    <ClCompile Include="..\..\FEM\Output.cpp">
      <Filter>Source Files</Filter>
    </ClCompile>
    <ClCompile Include="..\..\FEM\pcs_dm.cpp">
      <Filter>Source Files</Filter>
    </ClCompile>
    <ClCompile Include="..\..\FEM\problem.cpp">
      <Filter>Source Files</Filter>
    </ClCompile>
    <ClCompile Include="..\..\FEM\ProcessInfo.cpp">
      <Filter>Source Files</Filter>
    </ClCompile>
    <ClCompile Include="..\..\FEM\rf_bc_new.cpp">
      <Filter>Source Files</Filter>
    </ClCompile>
    <ClCompile Include="..\..\FEM\rf_fct.cpp">
      <Filter>Source Files</Filter>
    </ClCompile>
    <ClCompile Include="..\..\FEM\rf_fluid_momentum.cpp">
      <Filter>Source Files</Filter>
    </ClCompile>
    <ClCompile Include="..\..\FEM\rf_ic_new.cpp">
      <Filter>Source Files</Filter>
    </ClCompile>
    <ClCompile Include="..\..\FEM\rf_kinreact.cpp">
      <Filter>Source Files</Filter>
    </ClCompile>
    <ClCompile Include="..\..\FEM\rf_mfp_new.cpp">
      <Filter>Source Files</Filter>
    </ClCompile>
    <ClCompile Include="..\..\FEM\rf_mmp_new.cpp">
      <Filter>Source Files</Filter>
    </ClCompile>
    <ClCompile Include="..\..\FEM\rf_msp_new.cpp">
      <Filter>Source Files</Filter>
    </ClCompile>
    <ClCompile Include="..\..\FEM\rf_node.cpp">
      <Filter>Source Files</Filter>
    </ClCompile>
    <ClCompile Include="..\..\FEM\rf_num_new.cpp">
      <Filter>Source Files</Filter>
    </ClCompile>
    <ClCompile Include="..\..\FEM\rf_out_new.cpp">
      <Filter>Source Files</Filter>
    </ClCompile>
    <ClCompile Include="..\..\FEM\rf_pcs.cpp">
      <Filter>Source Files</Filter>
    </ClCompile>
    <ClCompile Include="..\..\FEM\rf_random_walk.cpp">
      <Filter>Source Files</Filter>
    </ClCompile>
    <ClCompile Include="..\..\FEM\rf_react.cpp">
      <Filter>Source Files</Filter>
    </ClCompile>
    <ClCompile Include="..\..\FEM\rf_react_cap.cpp">
      <Filter>Source Files</Filter>
    </ClCompile>
    <ClCompile Include="..\..\FEM\rf_react_int.cpp">
      <Filter>Source Files</Filter>
    </ClCompile>
    <ClCompile Include="..\..\FEM\rf_st_new.cpp">
      <Filter>Source Files</Filter>
    </ClCompile>
    <ClCompile Include="..\..\FEM\rf_tim_new.cpp">
      <Filter>Source Files</Filter>
    </ClCompile>
    <ClCompile Include="..\..\FEM\rfmat_cp.cpp">
      <Filter>Source Files</Filter>
    </ClCompile>
    <ClCompile Include="..\..\FEM\SourceTerm.cpp">
      <Filter>Source Files</Filter>
    </ClCompile>
    <ClCompile Include="..\..\FEM\SparseMatrixDOK.cpp">
      <Filter>Source Files</Filter>
    </ClCompile>
    <ClCompile Include="..\..\FEM\Stiff_Bulirsch-Stoer.cpp">
      <Filter>Source Files</Filter>
    </ClCompile>
    <ClCompile Include="..\..\FEM\tools.cpp">
      <Filter>Source Files</Filter>
    </ClCompile>
    <ClCompile Include="..\..\FEM\vtk.cpp">
      <Filter>Source Files</Filter>
    </ClCompile>
    <ClCompile Include="..\..\FEM\par_ddc.cpp">
      <Filter>Source Files</Filter>
    </ClCompile>
    <ClCompile Include="..\..\FEM\equation_class.cpp">
      <Filter>Source Files</Filter>
    </ClCompile>
  </ItemGroup>
  <ItemGroup>
    <ClInclude Include="..\..\FEM\BoundaryCondition.h">
      <Filter>Header Files</Filter>
    </ClInclude>
    <ClInclude Include="..\..\FEM\Constrained.h">
      <Filter>Header Files</Filter>
    </ClInclude>
    <ClInclude Include="..\..\FEM\conversion_rate.h">
      <Filter>Header Files</Filter>
    </ClInclude>
    <ClInclude Include="..\..\FEM\DistributionInfo.h">
      <Filter>Header Files</Filter>
    </ClInclude>
    <ClInclude Include="..\..\FEM\DUMUX.h">
      <Filter>Header Files</Filter>
    </ClInclude>
    <ClInclude Include="..\..\FEM\Eclipse.h">
      <Filter>Header Files</Filter>
    </ClInclude>
    <ClInclude Include="..\..\FEM\eos.h">
      <Filter>Header Files</Filter>
    </ClInclude>
    <ClInclude Include="..\..\FEM\fem_ele.h">
      <Filter>Header Files</Filter>
    </ClInclude>
    <ClInclude Include="..\..\FEM\fem_ele_std.h">
      <Filter>Header Files</Filter>
    </ClInclude>
    <ClInclude Include="..\..\FEM\fem_ele_vec.h">
      <Filter>Header Files</Filter>
    </ClInclude>
    <ClInclude Include="..\..\FEM\FEMCondition.h">
      <Filter>Header Files</Filter>
    </ClInclude>
    <ClInclude Include="..\..\FEM\FEMEnums.h">
      <Filter>Header Files</Filter>
    </ClInclude>
    <ClInclude Include="..\..\FEM\femlib.h">
      <Filter>Header Files</Filter>
    </ClInclude>
    <ClInclude Include="..\..\FEM\files0.h">
      <Filter>Header Files</Filter>
    </ClInclude>
    <ClInclude Include="..\..\FEM\GeoInfo.h">
      <Filter>Header Files</Filter>
    </ClInclude>
    <ClInclude Include="..\..\FEM\InitialCondition.h">
      <Filter>Header Files</Filter>
    </ClInclude>
    <ClInclude Include="..\..\FEM\LinearFunctionData.h">
      <Filter>Header Files</Filter>
    </ClInclude>
    <ClInclude Include="..\..\FEM\mathlib.h">
      <Filter>Header Files</Filter>
    </ClInclude>
    <ClInclude Include="..\..\FEM\matrix_class.h">
      <Filter>Header Files</Filter>
    </ClInclude>
    <ClInclude Include="..\..\FEM\Output.h">
      <Filter>Header Files</Filter>
    </ClInclude>
    <ClInclude Include="..\..\FEM\pcs_dm.h">
      <Filter>Header Files</Filter>
    </ClInclude>
    <ClInclude Include="..\..\FEM\physical_constants.h">
      <Filter>Header Files</Filter>
    </ClInclude>
    <ClInclude Include="..\..\FEM\problem.h">
      <Filter>Header Files</Filter>
    </ClInclude>
    <ClInclude Include="..\..\FEM\ProcessInfo.h">
      <Filter>Header Files</Filter>
    </ClInclude>
    <ClInclude Include="..\..\FEM\prototyp.h">
      <Filter>Header Files</Filter>
    </ClInclude>
    <ClInclude Include="..\..\FEM\rf_bc_new.h">
      <Filter>Header Files</Filter>
    </ClInclude>
    <ClInclude Include="..\..\FEM\rf_fct.h">
      <Filter>Header Files</Filter>
    </ClInclude>
    <ClInclude Include="..\..\FEM\rf_fluid_momentum.h">
      <Filter>Header Files</Filter>
    </ClInclude>
    <ClInclude Include="..\..\FEM\rf_ic_new.h">
      <Filter>Header Files</Filter>
    </ClInclude>
    <ClInclude Include="..\..\FEM\rf_kinreact.h">
      <Filter>Header Files</Filter>
    </ClInclude>
    <ClInclude Include="..\..\FEM\rf_mfp_new.h">
      <Filter>Header Files</Filter>
    </ClInclude>
    <ClInclude Include="..\..\FEM\rf_mmp_new.h">
      <Filter>Header Files</Filter>
    </ClInclude>
    <ClInclude Include="..\..\FEM\rf_msp_new.h">
      <Filter>Header Files</Filter>
    </ClInclude>
    <ClInclude Include="..\..\FEM\rf_node.h">
      <Filter>Header Files</Filter>
    </ClInclude>
    <ClInclude Include="..\..\FEM\rf_num_new.h">
      <Filter>Header Files</Filter>
    </ClInclude>
    <ClInclude Include="..\..\FEM\rf_out_new.h">
      <Filter>Header Files</Filter>
    </ClInclude>
    <ClInclude Include="..\..\FEM\rf_pcs.h">
      <Filter>Header Files</Filter>
    </ClInclude>
    <ClInclude Include="..\..\FEM\rf_random_walk.h">
      <Filter>Header Files</Filter>
    </ClInclude>
    <ClInclude Include="..\..\FEM\rf_react.h">
      <Filter>Header Files</Filter>
    </ClInclude>
    <ClInclude Include="..\..\FEM\rf_react_int.h">
      <Filter>Header Files</Filter>
    </ClInclude>
    <ClInclude Include="..\..\FEM\rf_st_new.h">
      <Filter>Header Files</Filter>
    </ClInclude>
    <ClInclude Include="..\..\FEM\rf_tim_new.h">
      <Filter>Header Files</Filter>
    </ClInclude>
    <ClInclude Include="..\..\FEM\rfmat_cp.h">
      <Filter>Header Files</Filter>
    </ClInclude>
    <ClInclude Include="..\..\FEM\solver.h">
      <Filter>Header Files</Filter>
    </ClInclude>
    <ClInclude Include="..\..\FEM\SourceTerm.h">
      <Filter>Header Files</Filter>
    </ClInclude>
    <ClInclude Include="..\..\FEM\SparseMatrixDOK.h">
      <Filter>Header Files</Filter>
    </ClInclude>
    <ClInclude Include="..\..\FEM\StepperBulischStoer.h">
      <Filter>Header Files</Filter>
    </ClInclude>
    <ClInclude Include="..\..\FEM\Stiff_Bulirsch-Stoer.h">
      <Filter>Header Files</Filter>
    </ClInclude>
    <ClInclude Include="..\..\FEM\tools.h">
      <Filter>Header Files</Filter>
    </ClInclude>
    <ClInclude Include="..\..\FEM\vtk.h">
      <Filter>Header Files</Filter>
    </ClInclude>
    <ClInclude Include="..\..\FEM\par_ddc.h">
      <Filter>Header Files</Filter>
    </ClInclude>
    <ClInclude Include="..\..\FEM\equation_class.h">
      <Filter>Header Files</Filter>
    </ClInclude>
  </ItemGroup>
  <ItemGroup>
    <CustomBuild Include="..\..\FEM\CMakeLists.txt" />
  </ItemGroup>
  <ItemGroup>
    <Filter Include="Source Files">
      <UniqueIdentifier>{C16F70CA-4290-4269-B683-13298DDAC5E1}</UniqueIdentifier>
    </Filter>
    <Filter Include="Header Files">
      <UniqueIdentifier>{83FFA6B4-B3E3-4A72-8627-463291F15060}</UniqueIdentifier>
    </Filter>
  </ItemGroup>
</Project>
