Microsoft Visual Studio Solution File, Format Version 12.00
# Visual Studio 2013
Project("{8BC9CEB8-8B4A-11D0-8D11-00A0C91BC942}") = "ALL_BUILD", "ALL_BUILD.vcxproj", "{F44E9277-426C-4061-BCA0-C5E94591D929}"
	ProjectSection(ProjectDependencies) = postProject
		{D65E09D0-D9EB-4F21-86AC-EC697B350904} = {D65E09D0-D9EB-4F21-86AC-EC697B350904}
		{755F923E-01A2-4BC9-9992-40F985F0FC78} = {755F923E-01A2-4BC9-9992-40F985F0FC78}
		{6D30281A-E4B0-4444-8CD8-D497FE5FC57F} = {6D30281A-E4B0-4444-8CD8-D497FE5FC57F}
		{69ADBCE0-10AF-4D54-8704-8B1E630F1812} = {69ADBCE0-10AF-4D54-8704-8B1E630F1812}
		{6665A29A-8479-46AB-996C-ECC123253293} = {6665A29A-8479-46AB-996C-ECC123253293}
		{252491D4-FE19-4FC1-853D-220A4ACD7A4A} = {252491D4-FE19-4FC1-853D-220A4ACD7A4A}
		{45FBDC15-21E3-4E00-AB7F-0C62A4AFBAC2} = {45FBDC15-21E3-4E00-AB7F-0C62A4AFBAC2}
	EndProjectSection
EndProject
Project("{8BC9CEB8-8B4A-11D0-8D11-00A0C91BC942}") = "Base", "Base\Base.vcxproj", "{D65E09D0-D9EB-4F21-86AC-EC697B350904}"
	ProjectSection(ProjectDependencies) = postProject
		{252491D4-FE19-4FC1-853D-220A4ACD7A4A} = {252491D4-FE19-4FC1-853D-220A4ACD7A4A}
	EndProjectSection
EndProject
Project("{8BC9CEB8-8B4A-11D0-8D11-00A0C91BC942}") = "FEM", "FEM\FEM.vcxproj", "{4691FF6D-DEB0-400B-9DD0-45C7940FD2A9}"
	ProjectSection(ProjectDependencies) = postProject
		{A88EB3EE-E4A9-4D96-A1B9-2DB5E5938B0B} = {A88EB3EE-E4A9-4D96-A1B9-2DB5E5938B0B}
	EndProjectSection
EndProject
Project("{8BC9CEB8-8B4A-11D0-8D11-00A0C91BC942}") = "FileIO", "FileIO\FileIO.vcxproj", "{A88EB3EE-E4A9-4D96-A1B9-2DB5E5938B0B}"
	ProjectSection(ProjectDependencies) = postProject
		{D65E09D0-D9EB-4F21-86AC-EC697B350904} = {D65E09D0-D9EB-4F21-86AC-EC697B350904}
		{755F923E-01A2-4BC9-9992-40F985F0FC78} = {755F923E-01A2-4BC9-9992-40F985F0FC78}
		{6665A29A-8479-46AB-996C-ECC123253293} = {6665A29A-8479-46AB-996C-ECC123253293}
		{252491D4-FE19-4FC1-853D-220A4ACD7A4A} = {252491D4-FE19-4FC1-853D-220A4ACD7A4A}
	EndProjectSection
EndProject
Project("{8BC9CEB8-8B4A-11D0-8D11-00A0C91BC942}") = "GCC", "GCC\GCC.vcxproj", "{755F923E-01A2-4BC9-9992-40F985F0FC78}"
	ProjectSection(ProjectDependencies) = postProject
		{252491D4-FE19-4FC1-853D-220A4ACD7A4A} = {252491D4-FE19-4FC1-853D-220A4ACD7A4A}
	EndProjectSection
EndProject
Project("{8BC9CEB8-8B4A-11D0-8D11-00A0C91BC942}") = "GEO", "GEO\GEO.vcxproj", "{6D30281A-E4B0-4444-8CD8-D497FE5FC57F}"
	ProjectSection(ProjectDependencies) = postProject
		{71665245-E632-4211-882C-225D88E4CD71} = {71665245-E632-4211-882C-225D88E4CD71}
	EndProjectSection
EndProject
Project("{8BC9CEB8-8B4A-11D0-8D11-00A0C91BC942}") = "MSH", "MSH\MSH.vcxproj", "{71665245-E632-4211-882C-225D88E4CD71}"
	ProjectSection(ProjectDependencies) = postProject
		{4691FF6D-DEB0-400B-9DD0-45C7940FD2A9} = {4691FF6D-DEB0-400B-9DD0-45C7940FD2A9}
	EndProjectSection
EndProject
Project("{8BC9CEB8-8B4A-11D0-8D11-00A0C91BC942}") = "MSHGEOTOOLS", "MSHGEOTOOLS\MSHGEOTOOLS.vcxproj", "{69ADBCE0-10AF-4D54-8704-8B1E630F1812}"
	ProjectSection(ProjectDependencies) = postProject
		{D65E09D0-D9EB-4F21-86AC-EC697B350904} = {D65E09D0-D9EB-4F21-86AC-EC697B350904}
		{755F923E-01A2-4BC9-9992-40F985F0FC78} = {755F923E-01A2-4BC9-9992-40F985F0FC78}
		{6D30281A-E4B0-4444-8CD8-D497FE5FC57F} = {6D30281A-E4B0-4444-8CD8-D497FE5FC57F}
		{6665A29A-8479-46AB-996C-ECC123253293} = {6665A29A-8479-46AB-996C-ECC123253293}
		{252491D4-FE19-4FC1-853D-220A4ACD7A4A} = {252491D4-FE19-4FC1-853D-220A4ACD7A4A}
	EndProjectSection
EndProject
Project("{8BC9CEB8-8B4A-11D0-8D11-00A0C91BC942}") = "MathLib", "MathLib\MathLib.vcxproj", "{6665A29A-8479-46AB-996C-ECC123253293}"
	ProjectSection(ProjectDependencies) = postProject
		{D65E09D0-D9EB-4F21-86AC-EC697B350904} = {D65E09D0-D9EB-4F21-86AC-EC697B350904}
		{252491D4-FE19-4FC1-853D-220A4ACD7A4A} = {252491D4-FE19-4FC1-853D-220A4ACD7A4A}
	EndProjectSection
EndProject
Project("{8BC9CEB8-8B4A-11D0-8D11-00A0C91BC942}") = "ZERO_CHECK", "ZERO_CHECK.vcxproj", "{252491D4-FE19-4FC1-853D-220A4ACD7A4A}"
	ProjectSection(ProjectDependencies) = postProject
	EndProjectSection
EndProject
Project("{8BC9CEB8-8B4A-11D0-8D11-00A0C91BC942}") = "ogs", "OGS\ogs.vcxproj", "{45FBDC15-21E3-4E00-AB7F-0C62A4AFBAC2}"
	ProjectSection(ProjectDependencies) = postProject
		{D65E09D0-D9EB-4F21-86AC-EC697B350904} = {D65E09D0-D9EB-4F21-86AC-EC697B350904}
		{755F923E-01A2-4BC9-9992-40F985F0FC78} = {755F923E-01A2-4BC9-9992-40F985F0FC78}
		{6D30281A-E4B0-4444-8CD8-D497FE5FC57F} = {6D30281A-E4B0-4444-8CD8-D497FE5FC57F}
		{6665A29A-8479-46AB-996C-ECC123253293} = {6665A29A-8479-46AB-996C-ECC123253293}
		{252491D4-FE19-4FC1-853D-220A4ACD7A4A} = {252491D4-FE19-4FC1-853D-220A4ACD7A4A}
	EndProjectSection
EndProject
Project("{2150E333-8FDC-42A3-9474-1A3956D46DE8}") = "CMakePredefinedTargets", "CMakePredefinedTargets", "{E129BA4B-8C76-4079-9A67-5FF645F5DF5A}"
EndProject
Global
	GlobalSection(SolutionConfigurationPlatforms) = preSolution
		RelWithDebInfo|Win32 = RelWithDebInfo|Win32
		Release|Win32 = Release|Win32
		Debug|Win32 = Debug|Win32
	EndGlobalSection
	GlobalSection(ProjectConfigurationPlatforms) = postSolution
		{F44E9277-426C-4061-BCA0-C5E94591D929}.RelWithDebInfo|Win32.ActiveCfg = RelWithDebInfo|Win32
		{F44E9277-426C-4061-BCA0-C5E94591D929}.Release|Win32.ActiveCfg = Release|Win32
		{F44E9277-426C-4061-BCA0-C5E94591D929}.Debug|Win32.ActiveCfg = Debug|Win32
		{D65E09D0-D9EB-4F21-86AC-EC697B350904}.RelWithDebInfo|Win32.ActiveCfg = RelWithDebInfo|Win32
		{D65E09D0-D9EB-4F21-86AC-EC697B350904}.RelWithDebInfo|Win32.Build.0 = RelWithDebInfo|Win32
		{D65E09D0-D9EB-4F21-86AC-EC697B350904}.Release|Win32.ActiveCfg = Release|Win32
		{D65E09D0-D9EB-4F21-86AC-EC697B350904}.Release|Win32.Build.0 = Release|Win32
		{D65E09D0-D9EB-4F21-86AC-EC697B350904}.Debug|Win32.ActiveCfg = Debug|Win32
		{D65E09D0-D9EB-4F21-86AC-EC697B350904}.Debug|Win32.Build.0 = Debug|Win32
		{4691FF6D-DEB0-400B-9DD0-45C7940FD2A9}.RelWithDebInfo|Win32.ActiveCfg = RelWithDebInfo|Win32
		{4691FF6D-DEB0-400B-9DD0-45C7940FD2A9}.RelWithDebInfo|Win32.Build.0 = RelWithDebInfo|Win32
		{4691FF6D-DEB0-400B-9DD0-45C7940FD2A9}.Release|Win32.ActiveCfg = Release|Win32
		{4691FF6D-DEB0-400B-9DD0-45C7940FD2A9}.Release|Win32.Build.0 = Release|Win32
		{4691FF6D-DEB0-400B-9DD0-45C7940FD2A9}.Debug|Win32.ActiveCfg = Debug|Win32
		{4691FF6D-DEB0-400B-9DD0-45C7940FD2A9}.Debug|Win32.Build.0 = Debug|Win32
		{A88EB3EE-E4A9-4D96-A1B9-2DB5E5938B0B}.RelWithDebInfo|Win32.ActiveCfg = RelWithDebInfo|Win32
		{A88EB3EE-E4A9-4D96-A1B9-2DB5E5938B0B}.RelWithDebInfo|Win32.Build.0 = RelWithDebInfo|Win32
		{A88EB3EE-E4A9-4D96-A1B9-2DB5E5938B0B}.Release|Win32.ActiveCfg = Release|Win32
		{A88EB3EE-E4A9-4D96-A1B9-2DB5E5938B0B}.Release|Win32.Build.0 = Release|Win32
		{A88EB3EE-E4A9-4D96-A1B9-2DB5E5938B0B}.Debug|Win32.ActiveCfg = Debug|Win32
		{A88EB3EE-E4A9-4D96-A1B9-2DB5E5938B0B}.Debug|Win32.Build.0 = Debug|Win32
		{755F923E-01A2-4BC9-9992-40F985F0FC78}.RelWithDebInfo|Win32.ActiveCfg = RelWithDebInfo|Win32
		{755F923E-01A2-4BC9-9992-40F985F0FC78}.RelWithDebInfo|Win32.Build.0 = RelWithDebInfo|Win32
		{755F923E-01A2-4BC9-9992-40F985F0FC78}.Release|Win32.ActiveCfg = Release|Win32
		{755F923E-01A2-4BC9-9992-40F985F0FC78}.Release|Win32.Build.0 = Release|Win32
		{755F923E-01A2-4BC9-9992-40F985F0FC78}.Debug|Win32.ActiveCfg = Debug|Win32
		{755F923E-01A2-4BC9-9992-40F985F0FC78}.Debug|Win32.Build.0 = Debug|Win32
		{6D30281A-E4B0-4444-8CD8-D497FE5FC57F}.RelWithDebInfo|Win32.ActiveCfg = RelWithDebInfo|Win32
		{6D30281A-E4B0-4444-8CD8-D497FE5FC57F}.RelWithDebInfo|Win32.Build.0 = RelWithDebInfo|Win32
		{6D30281A-E4B0-4444-8CD8-D497FE5FC57F}.Release|Win32.ActiveCfg = Release|Win32
		{6D30281A-E4B0-4444-8CD8-D497FE5FC57F}.Release|Win32.Build.0 = Release|Win32
		{6D30281A-E4B0-4444-8CD8-D497FE5FC57F}.Debug|Win32.ActiveCfg = Debug|Win32
		{6D30281A-E4B0-4444-8CD8-D497FE5FC57F}.Debug|Win32.Build.0 = Debug|Win32
		{71665245-E632-4211-882C-225D88E4CD71}.RelWithDebInfo|Win32.ActiveCfg = RelWithDebInfo|Win32
		{71665245-E632-4211-882C-225D88E4CD71}.RelWithDebInfo|Win32.Build.0 = RelWithDebInfo|Win32
		{71665245-E632-4211-882C-225D88E4CD71}.Release|Win32.ActiveCfg = Release|Win32
		{71665245-E632-4211-882C-225D88E4CD71}.Release|Win32.Build.0 = Release|Win32
		{71665245-E632-4211-882C-225D88E4CD71}.Debug|Win32.ActiveCfg = Debug|Win32
		{71665245-E632-4211-882C-225D88E4CD71}.Debug|Win32.Build.0 = Debug|Win32
		{69ADBCE0-10AF-4D54-8704-8B1E630F1812}.RelWithDebInfo|Win32.ActiveCfg = RelWithDebInfo|Win32
		{69ADBCE0-10AF-4D54-8704-8B1E630F1812}.RelWithDebInfo|Win32.Build.0 = RelWithDebInfo|Win32
		{69ADBCE0-10AF-4D54-8704-8B1E630F1812}.Release|Win32.ActiveCfg = Release|Win32
		{69ADBCE0-10AF-4D54-8704-8B1E630F1812}.Release|Win32.Build.0 = Release|Win32
		{69ADBCE0-10AF-4D54-8704-8B1E630F1812}.Debug|Win32.ActiveCfg = Debug|Win32
		{69ADBCE0-10AF-4D54-8704-8B1E630F1812}.Debug|Win32.Build.0 = Debug|Win32
		{6665A29A-8479-46AB-996C-ECC123253293}.RelWithDebInfo|Win32.ActiveCfg = RelWithDebInfo|Win32
		{6665A29A-8479-46AB-996C-ECC123253293}.RelWithDebInfo|Win32.Build.0 = RelWithDebInfo|Win32
		{6665A29A-8479-46AB-996C-ECC123253293}.Release|Win32.ActiveCfg = Release|Win32
		{6665A29A-8479-46AB-996C-ECC123253293}.Release|Win32.Build.0 = Release|Win32
		{6665A29A-8479-46AB-996C-ECC123253293}.Debug|Win32.ActiveCfg = Debug|Win32
		{6665A29A-8479-46AB-996C-ECC123253293}.Debug|Win32.Build.0 = Debug|Win32
		{252491D4-FE19-4FC1-853D-220A4ACD7A4A}.RelWithDebInfo|Win32.ActiveCfg = RelWithDebInfo|Win32
		{252491D4-FE19-4FC1-853D-220A4ACD7A4A}.RelWithDebInfo|Win32.Build.0 = RelWithDebInfo|Win32
		{252491D4-FE19-4FC1-853D-220A4ACD7A4A}.Release|Win32.ActiveCfg = Release|Win32
		{252491D4-FE19-4FC1-853D-220A4ACD7A4A}.Release|Win32.Build.0 = Release|Win32
		{252491D4-FE19-4FC1-853D-220A4ACD7A4A}.Debug|Win32.ActiveCfg = Debug|Win32
		{252491D4-FE19-4FC1-853D-220A4ACD7A4A}.Debug|Win32.Build.0 = Debug|Win32
		{45FBDC15-21E3-4E00-AB7F-0C62A4AFBAC2}.RelWithDebInfo|Win32.ActiveCfg = RelWithDebInfo|Win32
		{45FBDC15-21E3-4E00-AB7F-0C62A4AFBAC2}.RelWithDebInfo|Win32.Build.0 = RelWithDebInfo|Win32
		{45FBDC15-21E3-4E00-AB7F-0C62A4AFBAC2}.Release|Win32.ActiveCfg = Release|Win32
		{45FBDC15-21E3-4E00-AB7F-0C62A4AFBAC2}.Release|Win32.Build.0 = Release|Win32
		{45FBDC15-21E3-4E00-AB7F-0C62A4AFBAC2}.Debug|Win32.ActiveCfg = Debug|Win32
		{45FBDC15-21E3-4E00-AB7F-0C62A4AFBAC2}.Debug|Win32.Build.0 = Debug|Win32
	EndGlobalSection
	GlobalSection(NestedProjects) = preSolution
		{252491D4-FE19-4FC1-853D-220A4ACD7A4A} = {E129BA4B-8C76-4079-9A67-5FF645F5DF5A}
	EndGlobalSection
	GlobalSection(ExtensibilityGlobals) = postSolution
	EndGlobalSection
	GlobalSection(ExtensibilityAddIns) = postSolution
	EndGlobalSection
EndGlobal
