Microsoft Visual Studio Solution File, Format Version 12.00
# Visual Studio 2013
Project("{8BC9CEB8-8B4A-11D0-8D11-00A0C91BC942}") = "ALL_BUILD", "ALL_BUILD.vcxproj", "{9F799DE4-7AA7-4938-852D-190570D298E9}"
	ProjectSection(ProjectDependencies) = postProject
		{FF9BA541-A457-4AF9-A373-D6687632AA22} = {FF9BA541-A457-4AF9-A373-D6687632AA22}
		{57BB369E-C175-4108-981E-0406ECC3A711} = {57BB369E-C175-4108-981E-0406ECC3A711}
		{07486552-9204-4A78-87FB-D67B6E50E546} = {07486552-9204-4A78-87FB-D67B6E50E546}
		{B1F06514-BAAA-4800-B34B-BA4E5366F899} = {B1F06514-BAAA-4800-B34B-BA4E5366F899}
		{082A54AA-DE2B-4318-8C0C-8DC3A12C8F5D} = {082A54AA-DE2B-4318-8C0C-8DC3A12C8F5D}
		{07099279-CE4F-4B7F-B6B5-57595FFE9C71} = {07099279-CE4F-4B7F-B6B5-57595FFE9C71}
		{373F26FA-ACB4-48C3-A620-E66EFE41D5F1} = {373F26FA-ACB4-48C3-A620-E66EFE41D5F1}
	EndProjectSection
EndProject
Project("{8BC9CEB8-8B4A-11D0-8D11-00A0C91BC942}") = "Base", "Base\Base.vcxproj", "{FF9BA541-A457-4AF9-A373-D6687632AA22}"
	ProjectSection(ProjectDependencies) = postProject
		{07099279-CE4F-4B7F-B6B5-57595FFE9C71} = {07099279-CE4F-4B7F-B6B5-57595FFE9C71}
	EndProjectSection
EndProject
Project("{8BC9CEB8-8B4A-11D0-8D11-00A0C91BC942}") = "FEM", "FEM\FEM.vcxproj", "{2154B4A3-9DE2-4D21-9CFE-02593F02EDF1}"
	ProjectSection(ProjectDependencies) = postProject
		{2E1FB670-E918-4654-B8EC-44E738A9F348} = {2E1FB670-E918-4654-B8EC-44E738A9F348}
	EndProjectSection
EndProject
Project("{8BC9CEB8-8B4A-11D0-8D11-00A0C91BC942}") = "FileIO", "FileIO\FileIO.vcxproj", "{2E1FB670-E918-4654-B8EC-44E738A9F348}"
	ProjectSection(ProjectDependencies) = postProject
		{FF9BA541-A457-4AF9-A373-D6687632AA22} = {FF9BA541-A457-4AF9-A373-D6687632AA22}
		{57BB369E-C175-4108-981E-0406ECC3A711} = {57BB369E-C175-4108-981E-0406ECC3A711}
		{082A54AA-DE2B-4318-8C0C-8DC3A12C8F5D} = {082A54AA-DE2B-4318-8C0C-8DC3A12C8F5D}
		{07099279-CE4F-4B7F-B6B5-57595FFE9C71} = {07099279-CE4F-4B7F-B6B5-57595FFE9C71}
	EndProjectSection
EndProject
Project("{8BC9CEB8-8B4A-11D0-8D11-00A0C91BC942}") = "GCC", "GCC\GCC.vcxproj", "{57BB369E-C175-4108-981E-0406ECC3A711}"
	ProjectSection(ProjectDependencies) = postProject
		{07099279-CE4F-4B7F-B6B5-57595FFE9C71} = {07099279-CE4F-4B7F-B6B5-57595FFE9C71}
	EndProjectSection
EndProject
Project("{8BC9CEB8-8B4A-11D0-8D11-00A0C91BC942}") = "GEO", "GEO\GEO.vcxproj", "{07486552-9204-4A78-87FB-D67B6E50E546}"
	ProjectSection(ProjectDependencies) = postProject
		{2C9EDA76-1174-4A32-9FA8-5D85DFEC6E11} = {2C9EDA76-1174-4A32-9FA8-5D85DFEC6E11}
	EndProjectSection
EndProject
Project("{8BC9CEB8-8B4A-11D0-8D11-00A0C91BC942}") = "MSH", "MSH\MSH.vcxproj", "{2C9EDA76-1174-4A32-9FA8-5D85DFEC6E11}"
	ProjectSection(ProjectDependencies) = postProject
		{2154B4A3-9DE2-4D21-9CFE-02593F02EDF1} = {2154B4A3-9DE2-4D21-9CFE-02593F02EDF1}
	EndProjectSection
EndProject
Project("{8BC9CEB8-8B4A-11D0-8D11-00A0C91BC942}") = "MSHGEOTOOLS", "MSHGEOTOOLS\MSHGEOTOOLS.vcxproj", "{B1F06514-BAAA-4800-B34B-BA4E5366F899}"
	ProjectSection(ProjectDependencies) = postProject
		{FF9BA541-A457-4AF9-A373-D6687632AA22} = {FF9BA541-A457-4AF9-A373-D6687632AA22}
		{57BB369E-C175-4108-981E-0406ECC3A711} = {57BB369E-C175-4108-981E-0406ECC3A711}
		{07486552-9204-4A78-87FB-D67B6E50E546} = {07486552-9204-4A78-87FB-D67B6E50E546}
		{082A54AA-DE2B-4318-8C0C-8DC3A12C8F5D} = {082A54AA-DE2B-4318-8C0C-8DC3A12C8F5D}
		{07099279-CE4F-4B7F-B6B5-57595FFE9C71} = {07099279-CE4F-4B7F-B6B5-57595FFE9C71}
	EndProjectSection
EndProject
Project("{8BC9CEB8-8B4A-11D0-8D11-00A0C91BC942}") = "MathLib", "MathLib\MathLib.vcxproj", "{082A54AA-DE2B-4318-8C0C-8DC3A12C8F5D}"
	ProjectSection(ProjectDependencies) = postProject
		{FF9BA541-A457-4AF9-A373-D6687632AA22} = {FF9BA541-A457-4AF9-A373-D6687632AA22}
		{07099279-CE4F-4B7F-B6B5-57595FFE9C71} = {07099279-CE4F-4B7F-B6B5-57595FFE9C71}
	EndProjectSection
EndProject
Project("{8BC9CEB8-8B4A-11D0-8D11-00A0C91BC942}") = "ZERO_CHECK", "ZERO_CHECK.vcxproj", "{07099279-CE4F-4B7F-B6B5-57595FFE9C71}"
	ProjectSection(ProjectDependencies) = postProject
	EndProjectSection
EndProject
Project("{8BC9CEB8-8B4A-11D0-8D11-00A0C91BC942}") = "ogs", "OGS\ogs.vcxproj", "{373F26FA-ACB4-48C3-A620-E66EFE41D5F1}"
	ProjectSection(ProjectDependencies) = postProject
		{FF9BA541-A457-4AF9-A373-D6687632AA22} = {FF9BA541-A457-4AF9-A373-D6687632AA22}
		{57BB369E-C175-4108-981E-0406ECC3A711} = {57BB369E-C175-4108-981E-0406ECC3A711}
		{07486552-9204-4A78-87FB-D67B6E50E546} = {07486552-9204-4A78-87FB-D67B6E50E546}
		{082A54AA-DE2B-4318-8C0C-8DC3A12C8F5D} = {082A54AA-DE2B-4318-8C0C-8DC3A12C8F5D}
		{07099279-CE4F-4B7F-B6B5-57595FFE9C71} = {07099279-CE4F-4B7F-B6B5-57595FFE9C71}
	EndProjectSection
EndProject
Project("{2150E333-8FDC-42A3-9474-1A3956D46DE8}") = "CMakePredefinedTargets", "CMakePredefinedTargets", "{AA3D1EAB-6773-4D16-8509-BAF687E04362}"
EndProject
Global
	GlobalSection(SolutionConfigurationPlatforms) = preSolution
		RelWithDebInfo|Win32 = RelWithDebInfo|Win32
		Release|Win32 = Release|Win32
		Debug|Win32 = Debug|Win32
	EndGlobalSection
	GlobalSection(ProjectConfigurationPlatforms) = postSolution
		{9F799DE4-7AA7-4938-852D-190570D298E9}.RelWithDebInfo|Win32.ActiveCfg = RelWithDebInfo|Win32
		{9F799DE4-7AA7-4938-852D-190570D298E9}.Release|Win32.ActiveCfg = Release|Win32
		{9F799DE4-7AA7-4938-852D-190570D298E9}.Debug|Win32.ActiveCfg = Debug|Win32
		{FF9BA541-A457-4AF9-A373-D6687632AA22}.RelWithDebInfo|Win32.ActiveCfg = RelWithDebInfo|Win32
		{FF9BA541-A457-4AF9-A373-D6687632AA22}.RelWithDebInfo|Win32.Build.0 = RelWithDebInfo|Win32
		{FF9BA541-A457-4AF9-A373-D6687632AA22}.Release|Win32.ActiveCfg = Release|Win32
		{FF9BA541-A457-4AF9-A373-D6687632AA22}.Release|Win32.Build.0 = Release|Win32
		{FF9BA541-A457-4AF9-A373-D6687632AA22}.Debug|Win32.ActiveCfg = Debug|Win32
		{FF9BA541-A457-4AF9-A373-D6687632AA22}.Debug|Win32.Build.0 = Debug|Win32
		{2154B4A3-9DE2-4D21-9CFE-02593F02EDF1}.RelWithDebInfo|Win32.ActiveCfg = RelWithDebInfo|Win32
		{2154B4A3-9DE2-4D21-9CFE-02593F02EDF1}.RelWithDebInfo|Win32.Build.0 = RelWithDebInfo|Win32
		{2154B4A3-9DE2-4D21-9CFE-02593F02EDF1}.Release|Win32.ActiveCfg = Release|Win32
		{2154B4A3-9DE2-4D21-9CFE-02593F02EDF1}.Release|Win32.Build.0 = Release|Win32
		{2154B4A3-9DE2-4D21-9CFE-02593F02EDF1}.Debug|Win32.ActiveCfg = Debug|Win32
		{2154B4A3-9DE2-4D21-9CFE-02593F02EDF1}.Debug|Win32.Build.0 = Debug|Win32
		{2E1FB670-E918-4654-B8EC-44E738A9F348}.RelWithDebInfo|Win32.ActiveCfg = RelWithDebInfo|Win32
		{2E1FB670-E918-4654-B8EC-44E738A9F348}.RelWithDebInfo|Win32.Build.0 = RelWithDebInfo|Win32
		{2E1FB670-E918-4654-B8EC-44E738A9F348}.Release|Win32.ActiveCfg = Release|Win32
		{2E1FB670-E918-4654-B8EC-44E738A9F348}.Release|Win32.Build.0 = Release|Win32
		{2E1FB670-E918-4654-B8EC-44E738A9F348}.Debug|Win32.ActiveCfg = Debug|Win32
		{2E1FB670-E918-4654-B8EC-44E738A9F348}.Debug|Win32.Build.0 = Debug|Win32
		{57BB369E-C175-4108-981E-0406ECC3A711}.RelWithDebInfo|Win32.ActiveCfg = RelWithDebInfo|Win32
		{57BB369E-C175-4108-981E-0406ECC3A711}.RelWithDebInfo|Win32.Build.0 = RelWithDebInfo|Win32
		{57BB369E-C175-4108-981E-0406ECC3A711}.Release|Win32.ActiveCfg = Release|Win32
		{57BB369E-C175-4108-981E-0406ECC3A711}.Release|Win32.Build.0 = Release|Win32
		{57BB369E-C175-4108-981E-0406ECC3A711}.Debug|Win32.ActiveCfg = Debug|Win32
		{57BB369E-C175-4108-981E-0406ECC3A711}.Debug|Win32.Build.0 = Debug|Win32
		{07486552-9204-4A78-87FB-D67B6E50E546}.RelWithDebInfo|Win32.ActiveCfg = RelWithDebInfo|Win32
		{07486552-9204-4A78-87FB-D67B6E50E546}.RelWithDebInfo|Win32.Build.0 = RelWithDebInfo|Win32
		{07486552-9204-4A78-87FB-D67B6E50E546}.Release|Win32.ActiveCfg = Release|Win32
		{07486552-9204-4A78-87FB-D67B6E50E546}.Release|Win32.Build.0 = Release|Win32
		{07486552-9204-4A78-87FB-D67B6E50E546}.Debug|Win32.ActiveCfg = Debug|Win32
		{07486552-9204-4A78-87FB-D67B6E50E546}.Debug|Win32.Build.0 = Debug|Win32
		{2C9EDA76-1174-4A32-9FA8-5D85DFEC6E11}.RelWithDebInfo|Win32.ActiveCfg = RelWithDebInfo|Win32
		{2C9EDA76-1174-4A32-9FA8-5D85DFEC6E11}.RelWithDebInfo|Win32.Build.0 = RelWithDebInfo|Win32
		{2C9EDA76-1174-4A32-9FA8-5D85DFEC6E11}.Release|Win32.ActiveCfg = Release|Win32
		{2C9EDA76-1174-4A32-9FA8-5D85DFEC6E11}.Release|Win32.Build.0 = Release|Win32
		{2C9EDA76-1174-4A32-9FA8-5D85DFEC6E11}.Debug|Win32.ActiveCfg = Debug|Win32
		{2C9EDA76-1174-4A32-9FA8-5D85DFEC6E11}.Debug|Win32.Build.0 = Debug|Win32
		{B1F06514-BAAA-4800-B34B-BA4E5366F899}.RelWithDebInfo|Win32.ActiveCfg = RelWithDebInfo|Win32
		{B1F06514-BAAA-4800-B34B-BA4E5366F899}.RelWithDebInfo|Win32.Build.0 = RelWithDebInfo|Win32
		{B1F06514-BAAA-4800-B34B-BA4E5366F899}.Release|Win32.ActiveCfg = Release|Win32
		{B1F06514-BAAA-4800-B34B-BA4E5366F899}.Release|Win32.Build.0 = Release|Win32
		{B1F06514-BAAA-4800-B34B-BA4E5366F899}.Debug|Win32.ActiveCfg = Debug|Win32
		{B1F06514-BAAA-4800-B34B-BA4E5366F899}.Debug|Win32.Build.0 = Debug|Win32
		{082A54AA-DE2B-4318-8C0C-8DC3A12C8F5D}.RelWithDebInfo|Win32.ActiveCfg = RelWithDebInfo|Win32
		{082A54AA-DE2B-4318-8C0C-8DC3A12C8F5D}.RelWithDebInfo|Win32.Build.0 = RelWithDebInfo|Win32
		{082A54AA-DE2B-4318-8C0C-8DC3A12C8F5D}.Release|Win32.ActiveCfg = Release|Win32
		{082A54AA-DE2B-4318-8C0C-8DC3A12C8F5D}.Release|Win32.Build.0 = Release|Win32
		{082A54AA-DE2B-4318-8C0C-8DC3A12C8F5D}.Debug|Win32.ActiveCfg = Debug|Win32
		{082A54AA-DE2B-4318-8C0C-8DC3A12C8F5D}.Debug|Win32.Build.0 = Debug|Win32
		{07099279-CE4F-4B7F-B6B5-57595FFE9C71}.RelWithDebInfo|Win32.ActiveCfg = RelWithDebInfo|Win32
		{07099279-CE4F-4B7F-B6B5-57595FFE9C71}.RelWithDebInfo|Win32.Build.0 = RelWithDebInfo|Win32
		{07099279-CE4F-4B7F-B6B5-57595FFE9C71}.Release|Win32.ActiveCfg = Release|Win32
		{07099279-CE4F-4B7F-B6B5-57595FFE9C71}.Release|Win32.Build.0 = Release|Win32
		{07099279-CE4F-4B7F-B6B5-57595FFE9C71}.Debug|Win32.ActiveCfg = Debug|Win32
		{07099279-CE4F-4B7F-B6B5-57595FFE9C71}.Debug|Win32.Build.0 = Debug|Win32
		{373F26FA-ACB4-48C3-A620-E66EFE41D5F1}.RelWithDebInfo|Win32.ActiveCfg = RelWithDebInfo|Win32
		{373F26FA-ACB4-48C3-A620-E66EFE41D5F1}.RelWithDebInfo|Win32.Build.0 = RelWithDebInfo|Win32
		{373F26FA-ACB4-48C3-A620-E66EFE41D5F1}.Release|Win32.ActiveCfg = Release|Win32
		{373F26FA-ACB4-48C3-A620-E66EFE41D5F1}.Release|Win32.Build.0 = Release|Win32
		{373F26FA-ACB4-48C3-A620-E66EFE41D5F1}.Debug|Win32.ActiveCfg = Debug|Win32
		{373F26FA-ACB4-48C3-A620-E66EFE41D5F1}.Debug|Win32.Build.0 = Debug|Win32
	EndGlobalSection
	GlobalSection(NestedProjects) = preSolution
		{07099279-CE4F-4B7F-B6B5-57595FFE9C71} = {AA3D1EAB-6773-4D16-8509-BAF687E04362}
	EndGlobalSection
	GlobalSection(ExtensibilityGlobals) = postSolution
	EndGlobalSection
	GlobalSection(ExtensibilityAddIns) = postSolution
	EndGlobalSection
EndGlobal
