<?xml version="1.0" encoding="utf-8"?>
<Project ToolsVersion="12.0" xmlns="http://schemas.microsoft.com/developer/msbuild/2003">
  <ItemGroup>
    <ClCompile Include="..\..\FileIO\FEMIO\BoundaryConditionIO.cpp">
      <Filter>Source Files</Filter>
    </ClCompile>
    <ClCompile Include="..\..\FileIO\FEMIO\GeoIO.cpp">
      <Filter>Source Files</Filter>
    </ClCompile>
    <ClCompile Include="..\..\FileIO\FEMIO\ProcessIO.cpp">
      <Filter>Source Files</Filter>
    </ClCompile>
    <ClCompile Include="..\..\FileIO\MeshIO\LegacyVtkInterface.cpp">
      <Filter>Source Files</Filter>
    </ClCompile>
    <ClCompile Include="..\..\FileIO\MeshIO\OGSMeshIO.cpp">
      <Filter>Source Files</Filter>
    </ClCompile>
    <ClCompile Include="..\..\FileIO\OGSIOVer4.cpp">
      <Filter>Source Files</Filter>
    </ClCompile>
    <ClCompile Include="..\..\FileIO\readNonBlankLineFromInputStream.cpp">
      <Filter>Source Files</Filter>
    </ClCompile>
    <ClCompile Include="..\..\FileIO\StationIO.cpp">
      <Filter>Source Files</Filter>
    </ClCompile>
    <ClCompile Include="..\..\FileIO\Writer.cpp">
      <Filter>Source Files</Filter>
    </ClCompile>
    <ClCompile Include="..\..\FileIO\XmlIO\RapidXMLInterface.cpp">
      <Filter>Source Files</Filter>
    </ClCompile>
  </ItemGroup>
  <ItemGroup>
    <ClInclude Include="..\..\FileIO\FEMIO\BoundaryConditionIO.h">
      <Filter>Header Files</Filter>
    </ClInclude>
    <ClInclude Include="..\..\FileIO\FEMIO\GeoIO.h">
      <Filter>Header Files</Filter>
    </ClInclude>
    <ClInclude Include="..\..\FileIO\FEMIO\ProcessIO.h">
      <Filter>Header Files</Filter>
    </ClInclude>
    <ClInclude Include="..\..\FileIO\MathIO\CRSIO.h">
      <Filter>Header Files</Filter>
    </ClInclude>
    <ClInclude Include="..\..\FileIO\MeshIO\LegacyVtkInterface.h">
      <Filter>Header Files</Filter>
    </ClInclude>
    <ClInclude Include="..\..\FileIO\MeshIO\OGSMeshIO.h">
      <Filter>Header Files</Filter>
    </ClInclude>
    <ClInclude Include="..\..\FileIO\OGSIOVer4.h">
      <Filter>Header Files</Filter>
    </ClInclude>
    <ClInclude Include="..\..\FileIO\readNonBlankLineFromInputStream.h">
      <Filter>Header Files</Filter>
    </ClInclude>
    <ClInclude Include="..\..\FileIO\StationIO.h">
      <Filter>Header Files</Filter>
    </ClInclude>
    <ClInclude Include="..\..\FileIO\Writer.h">
      <Filter>Header Files</Filter>
    </ClInclude>
    <ClInclude Include="..\..\FileIO\XmlIO\RapidXMLInterface.h">
      <Filter>Header Files</Filter>
    </ClInclude>
  </ItemGroup>
  <ItemGroup>
    <CustomBuild Include="..\..\FileIO\CMakeLists.txt" />
  </ItemGroup>
  <ItemGroup>
    <Filter Include="Source Files">
      <UniqueIdentifier>{F1EC32D7-83A9-4CEB-A206-98FCAB01CCDB}</UniqueIdentifier>
    </Filter>
    <Filter Include="Header Files">
      <UniqueIdentifier>{3ED29CBD-E417-461A-B3B9-2071E2E97D02}</UniqueIdentifier>
    </Filter>
  </ItemGroup>
</Project>
