<?xml version="1.0" encoding="utf-8"?>
<Project ToolsVersion="12.0" xmlns="http://schemas.microsoft.com/developer/msbuild/2003">
  <ItemGroup>
    <ClCompile Include="..\..\MathLib\AnalyticalGeometry.cpp">
      <Filter>Source Files</Filter>
    </ClCompile>
    <ClCompile Include="..\..\MathLib\EarClippingTriangulation.cpp">
      <Filter>Source Files</Filter>
    </ClCompile>
    <ClCompile Include="..\..\MathLib\InterpolationAlgorithms\CubicSpline.cpp">
      <Filter>Source Files</Filter>
    </ClCompile>
    <ClCompile Include="..\..\MathLib\InterpolationAlgorithms\PiecewiseLinearInterpolation.cpp">
      <Filter>Source Files</Filter>
    </ClCompile>
    <ClCompile Include="..\..\MathLib\LinAlg\TriangularSolve.cpp">
      <Filter>Source Files</Filter>
    </ClCompile>
    <ClCompile Include="..\..\MathLib\LinkedTriangle.cpp">
      <Filter>Source Files</Filter>
    </ClCompile>
    <ClCompile Include="..\..\MathLib\MathTools.cpp">
      <Filter>Source Files</Filter>
    </ClCompile>
  </ItemGroup>
  <ItemGroup>
    <ClInclude Include="..\..\MathLib\AnalyticalGeometry.h">
      <Filter>Header Files</Filter>
    </ClInclude>
    <ClInclude Include="..\..\MathLib\EarClippingTriangulation.h">
      <Filter>Header Files</Filter>
    </ClInclude>
    <ClInclude Include="..\..\MathLib\InterpolationAlgorithms\CubicSpline.h">
      <Filter>Header Files</Filter>
    </ClInclude>
    <ClInclude Include="..\..\MathLib\InterpolationAlgorithms\InverseDistanceInterpolation.h">
      <Filter>Header Files</Filter>
    </ClInclude>
    <ClInclude Include="..\..\MathLib\InterpolationAlgorithms\LinearIntervalInterpolation.h">
      <Filter>Header Files</Filter>
    </ClInclude>
    <ClInclude Include="..\..\MathLib\InterpolationAlgorithms\PiecewiseLinearInterpolation.h">
      <Filter>Header Files</Filter>
    </ClInclude>
    <ClInclude Include="..\..\MathLib\LinAlg\DenseDirectLinearSolver.h">
      <Filter>Header Files</Filter>
    </ClInclude>
    <ClInclude Include="..\..\MathLib\LinAlg\DirectLinearSolver.h">
      <Filter>Header Files</Filter>
    </ClInclude>
    <ClInclude Include="..\..\MathLib\LinAlg\GaussAlgorithm.h">
      <Filter>Header Files</Filter>
    </ClInclude>
    <ClInclude Include="..\..\MathLib\LinAlg\IterativeLinearSolver.h">
      <Filter>Header Files</Filter>
    </ClInclude>
    <ClInclude Include="..\..\MathLib\LinAlg\LinearSolver.h">
      <Filter>Header Files</Filter>
    </ClInclude>
    <ClInclude Include="..\..\MathLib\LinAlg\TriangularSolve.h">
      <Filter>Header Files</Filter>
    </ClInclude>
    <ClInclude Include="..\..\MathLib\LinAlg\VectorNorms.h">
      <Filter>Header Files</Filter>
    </ClInclude>
    <ClInclude Include="..\..\MathLib\LinkedTriangle.h">
      <Filter>Header Files</Filter>
    </ClInclude>
    <ClInclude Include="..\..\MathLib\MathTools.h">
      <Filter>Header Files</Filter>
    </ClInclude>
    <ClInclude Include="..\..\MathLib\Matrix.h">
      <Filter>Header Files</Filter>
    </ClInclude>
    <ClInclude Include="..\..\MathLib\max.h">
      <Filter>Header Files</Filter>
    </ClInclude>
    <ClInclude Include="..\..\MathLib\Vector3.h">
      <Filter>Header Files</Filter>
    </ClInclude>
  </ItemGroup>
  <ItemGroup>
    <CustomBuild Include="..\..\MathLib\CMakeLists.txt" />
  </ItemGroup>
  <ItemGroup>
    <Filter Include="Source Files">
      <UniqueIdentifier>{C16F70CA-4290-4269-B683-13298DDAC5E1}</UniqueIdentifier>
    </Filter>
    <Filter Include="Header Files">
      <UniqueIdentifier>{83FFA6B4-B3E3-4A72-8627-463291F15060}</UniqueIdentifier>
    </Filter>
  </ItemGroup>
</Project>
